
Microsoft Visual Studio Solution File, Format Version 12.00
# Visual Studio Version 17
VisualStudioVersion = 17.5.002.0
MinimumVisualStudioVersion = 10.0.40219.1
Project("{2150E333-8FDC-42A3-9474-1A3956D46DE8}") = "Lectures", "Lectures", "{5D5BC242-3D91-47B4-B751-AEDDF862B8AA}"
EndProject
Project("{2150E333-8FDC-42A3-9474-1A3956D46DE8}") = "Lesson_1", "Lesson_1", "{595360BE-C374-4F47-A3CD-13EF3C31E670}"
EndProject
Project("{9A19103F-16F7-4668-BE54-9A1E7A4F7556}") = "Example001", "Lectures\Lesson_1\Example001\Example001.csproj", "{A47D177D-3DFF-47E9-A11A-238A578FA65B}"
EndProject
Global
	GlobalSection(SolutionConfigurationPlatforms) = preSolution
		Debug|Any CPU = Debug|Any CPU
		Release|Any CPU = Release|Any CPU
	EndGlobalSection
	GlobalSection(ProjectConfigurationPlatforms) = postSolution
		{A47D177D-3DFF-47E9-A11A-238A578FA65B}.Debug|Any CPU.ActiveCfg = Debug|Any CPU
		{A47D177D-3DFF-47E9-A11A-238A578FA65B}.Debug|Any CPU.Build.0 = Debug|Any CPU
		{A47D177D-3DFF-47E9-A11A-238A578FA65B}.Release|Any CPU.ActiveCfg = Release|Any CPU
		{A47D177D-3DFF-47E9-A11A-238A578FA65B}.Release|Any CPU.Build.0 = Release|Any CPU
	EndGlobalSection
	GlobalSection(SolutionProperties) = preSolution
		HideSolutionNode = FALSE
	EndGlobalSection
	GlobalSection(NestedProjects) = preSolution
		{595360BE-C374-4F47-A3CD-13EF3C31E670} = {5D5BC242-3D91-47B4-B751-AEDDF862B8AA}
		{A47D177D-3DFF-47E9-A11A-238A578FA65B} = {595360BE-C374-4F47-A3CD-13EF3C31E670}
	EndGlobalSection
	GlobalSection(ExtensibilityGlobals) = postSolution
		SolutionGuid = {5730DCD2-75AB-4EA5-88DD-14F08675501E}
	EndGlobalSection
EndGlobal
