
Microsoft Visual Studio Solution File, Format Version 12.00
# Visual Studio Version 17
VisualStudioVersion = 17.5.002.0
MinimumVisualStudioVersion = 10.0.40219.1
Project("{2150E333-8FDC-42A3-9474-1A3956D46DE8}") = "Homeworks", "Homeworks", "{0D8BBC15-D263-419B-AA02-102E510F8B35}"
EndProject
Project("{9A19103F-16F7-4668-BE54-9A1E7A4F7556}") = "Homework_3", "Homeworks\Homework_3\Homework_3.csproj", "{779BB9EF-4E52-47E0-B49D-D0E740C1689B}"
EndProject
Global
	GlobalSection(SolutionConfigurationPlatforms) = preSolution
		Debug|Any CPU = Debug|Any CPU
		Release|Any CPU = Release|Any CPU
	EndGlobalSection
	GlobalSection(ProjectConfigurationPlatforms) = postSolution
		{779BB9EF-4E52-47E0-B49D-D0E740C1689B}.Debug|Any CPU.ActiveCfg = Debug|Any CPU
		{779BB9EF-4E52-47E0-B49D-D0E740C1689B}.Debug|Any CPU.Build.0 = Debug|Any CPU
		{779BB9EF-4E52-47E0-B49D-D0E740C1689B}.Release|Any CPU.ActiveCfg = Release|Any CPU
		{779BB9EF-4E52-47E0-B49D-D0E740C1689B}.Release|Any CPU.Build.0 = Release|Any CPU
	EndGlobalSection
	GlobalSection(SolutionProperties) = preSolution
		HideSolutionNode = FALSE
	EndGlobalSection
	GlobalSection(NestedProjects) = preSolution
		{779BB9EF-4E52-47E0-B49D-D0E740C1689B} = {0D8BBC15-D263-419B-AA02-102E510F8B35}
	EndGlobalSection
	GlobalSection(ExtensibilityGlobals) = postSolution
		SolutionGuid = {6599C375-FA13-4BB7-9930-74721D4E9A34}
	EndGlobalSection
EndGlobal

Microsoft Visual Studio Solution File, Format Version 12.00
# Visual Studio Version 17
VisualStudioVersion = 17.5.002.0
MinimumVisualStudioVersion = 10.0.40219.1
Project("{2150E333-8FDC-42A3-9474-1A3956D46DE8}") = "Lectures", "Lectures", "{5D5BC242-3D91-47B4-B751-AEDDF862B8AA}"
EndProject
Project("{2150E333-8FDC-42A3-9474-1A3956D46DE8}") = "Lesson_1", "Lesson_1", "{595360BE-C374-4F47-A3CD-13EF3C31E670}"
EndProject
Project("{9A19103F-16F7-4668-BE54-9A1E7A4F7556}") = "Example001", "Lectures\Lesson_1\Example001\Example001.csproj", "{A47D177D-3DFF-47E9-A11A-238A578FA65B}"
EndProject
Global
	GlobalSection(SolutionConfigurationPlatforms) = preSolution
		Debug|Any CPU = Debug|Any CPU
		Release|Any CPU = Release|Any CPU
	EndGlobalSection
	GlobalSection(ProjectConfigurationPlatforms) = postSolution
		{A47D177D-3DFF-47E9-A11A-238A578FA65B}.Debug|Any CPU.ActiveCfg = Debug|Any CPU
		{A47D177D-3DFF-47E9-A11A-238A578FA65B}.Debug|Any CPU.Build.0 = Debug|Any CPU
		{A47D177D-3DFF-47E9-A11A-238A578FA65B}.Release|Any CPU.ActiveCfg = Release|Any CPU
		{A47D177D-3DFF-47E9-A11A-238A578FA65B}.Release|Any CPU.Build.0 = Release|Any CPU
	EndGlobalSection
	GlobalSection(SolutionProperties) = preSolution
		HideSolutionNode = FALSE
	EndGlobalSection
	GlobalSection(NestedProjects) = preSolution
		{595360BE-C374-4F47-A3CD-13EF3C31E670} = {5D5BC242-3D91-47B4-B751-AEDDF862B8AA}
		{A47D177D-3DFF-47E9-A11A-238A578FA65B} = {595360BE-C374-4F47-A3CD-13EF3C31E670}
	EndGlobalSection
	GlobalSection(ExtensibilityGlobals) = postSolution
		SolutionGuid = {5730DCD2-75AB-4EA5-88DD-14F08675501E}
	EndGlobalSection
EndGlobal
